
Microsoft Visual Studio Solution File, Format Version 12.00
# Visual Studio Version 16
VisualStudioVersion = 16.0.30320.27
MinimumVisualStudioVersion = 10.0.40219.1
Project("{00D1A9C2-B5F0-4AF3-8072-F6C62B433612}") = "starting", "starting\starting.sqlproj", "{5DBBAB1A-4339-41DD-8535-9A33BC576CBE}"
EndProject
Global
	GlobalSection(SolutionConfigurationPlatforms) = preSolution
		Debug|Any CPU = Debug|Any CPU
		Release|Any CPU = Release|Any CPU
	EndGlobalSection
	GlobalSection(ProjectConfigurationPlatforms) = postSolution
		{5DBBAB1A-4339-41DD-8535-9A33BC576CBE}.Debug|Any CPU.ActiveCfg = Debug|Any CPU
		{5DBBAB1A-4339-41DD-8535-9A33BC576CBE}.Debug|Any CPU.Build.0 = Debug|Any CPU
		{5DBBAB1A-4339-41DD-8535-9A33BC576CBE}.Debug|Any CPU.Deploy.0 = Debug|Any CPU
		{5DBBAB1A-4339-41DD-8535-9A33BC576CBE}.Release|Any CPU.ActiveCfg = Release|Any CPU
		{5DBBAB1A-4339-41DD-8535-9A33BC576CBE}.Release|Any CPU.Build.0 = Release|Any CPU
		{5DBBAB1A-4339-41DD-8535-9A33BC576CBE}.Release|Any CPU.Deploy.0 = Release|Any CPU
	EndGlobalSection
	GlobalSection(SolutionProperties) = preSolution
		HideSolutionNode = FALSE
	EndGlobalSection
	GlobalSection(ExtensibilityGlobals) = postSolution
		SolutionGuid = {FADB71DE-5DF8-4785-86F9-2774C40D259E}
	EndGlobalSection
EndGlobal
